<?xml version="1.0" encoding="UTF-8" standalone="yes" ?>
<CodeBlocks_project_file>
	<FileVersion major="1" minor="6" />
	<Project>
		<Option title="Project3Part2" />
		<Option pch_mode="2" />
		<Option compiler="gcc" />
		<Build>
			<Target title="Debug">
				<Option output="bin/Debug/Project3Part1" prefix_auto="1" extension_auto="1" />
				<Option object_output="obj/Debug/" />
				<Option type="1" />
				<Option compiler="gcc" />
				<Compiler>
					<Add option="-g" />
				</Compiler>
			</Target>
			<Target title="Release">
				<Option output="bin/Release/Project3Part1" prefix_auto="1" extension_auto="1" />
				<Option object_output="obj/Release/" />
				<Option type="1" />
				<Option compiler="gcc" />
				<Compiler>
					<Add option="-O2" />
				</Compiler>
				<Linker>
					<Add option="-s" />
				</Linker>
			</Target>
		</Build>
		<Compiler>
			<Add option="-Wall" />
		</Compiler>
		<Unit filename="Makefile" />
		<Unit filename="Project3Part1.cbp" />
		<Unit filename="Project3Part1.layout" />
		<Unit filename="gfclient_download" />
		<Unit filename="gfclient_measure" />
		<Unit filename="gfserver.h" />
		<Unit filename="gfserver.o" />
		<Unit filename="handle_with_cache.c">
			<Option compilerVar="CC" />
		</Unit>
		<Unit filename="handle_with_curl.c">
			<Option compilerVar="CC" />
		</Unit>
		<Unit filename="handle_with_file.c">
			<Option compilerVar="CC" />
		</Unit>
		<Unit filename="locals.txt" />
		<Unit filename="shm_channel.c">
			<Option compilerVar="CC" />
		</Unit>
		<Unit filename="shm_channel.h" />
		<Unit filename="simplecache.c">
			<Option compilerVar="CC" />
		</Unit>
		<Unit filename="simplecache.h" />
		<Unit filename="simplecached.c">
			<Option compilerVar="CC" />
		</Unit>
		<Unit filename="steque.c">
			<Option compilerVar="CC" />
		</Unit>
		<Unit filename="steque.h" />
		<Unit filename="webproxy.c">
			<Option compilerVar="CC" />
		</Unit>
		<Unit filename="workload.txt" />
		<Extensions>
			<code_completion />
			<debugger />
		</Extensions>
	</Project>
</CodeBlocks_project_file>
